
Microsoft Visual Studio Solution File, Format Version 12.00
# Visual Studio Version 16
VisualStudioVersion = 16.0.809.10
MinimumVisualStudioVersion = 10.0.40219.1
Project("{FAE04EC0-301F-11D3-BF4B-00C04F79EFBC}") = "MarsRover", "MarsRover\MarsRover.csproj", "{91A15D41-68CF-4863-8E81-992CC8DA3F92}"
EndProject
Project("{FAE04EC0-301F-11D3-BF4B-00C04F79EFBC}") = "MarsRoverTests", "MarsRoverTests\MarsRoverTests.csproj", "{8F079AC8-2124-46EC-A1E8-6EE2BC5B7CAD}"
EndProject
Global
	GlobalSection(SolutionConfigurationPlatforms) = preSolution
		Debug|Any CPU = Debug|Any CPU
		Release|Any CPU = Release|Any CPU
	EndGlobalSection
	GlobalSection(ProjectConfigurationPlatforms) = postSolution
		{91A15D41-68CF-4863-8E81-992CC8DA3F92}.Debug|Any CPU.ActiveCfg = Debug|Any CPU
		{91A15D41-68CF-4863-8E81-992CC8DA3F92}.Debug|Any CPU.Build.0 = Debug|Any CPU
		{91A15D41-68CF-4863-8E81-992CC8DA3F92}.Release|Any CPU.ActiveCfg = Release|Any CPU
		{91A15D41-68CF-4863-8E81-992CC8DA3F92}.Release|Any CPU.Build.0 = Release|Any CPU
		{8F079AC8-2124-46EC-A1E8-6EE2BC5B7CAD}.Debug|Any CPU.ActiveCfg = Debug|Any CPU
		{8F079AC8-2124-46EC-A1E8-6EE2BC5B7CAD}.Debug|Any CPU.Build.0 = Debug|Any CPU
		{8F079AC8-2124-46EC-A1E8-6EE2BC5B7CAD}.Release|Any CPU.ActiveCfg = Release|Any CPU
		{8F079AC8-2124-46EC-A1E8-6EE2BC5B7CAD}.Release|Any CPU.Build.0 = Release|Any CPU
	EndGlobalSection
	GlobalSection(SolutionProperties) = preSolution
		HideSolutionNode = FALSE
	EndGlobalSection
	GlobalSection(ExtensibilityGlobals) = postSolution
		SolutionGuid = {92AF9E3B-869B-491A-8743-F91A4A7D4573}
	EndGlobalSection
EndGlobal
